<Solution>
  <Project Path="src/LemonLoader.Patcher.Core/LemonLoader.Patcher.Core.csproj" />
  <Project Path="src/LemonLoader.Patcher.CLI/LemonLoader.Patcher.CLI.csproj" />
  <Project Path="src/LemonLoader.Patcher.GUI/LemonLoader.Patcher.GUI.csproj" />
  <Project Path="tests/LemonLoader.Patcher.Tests/LemonLoader.Patcher.Tests.csproj" />
</Solution>
